PODS:
  - Expecta (0.3.2)
  - Pollock (0.1.0)
  - Specta (0.4.0)

DEPENDENCIES:
  - Expecta
  - Pollock (from `../`)
  - Specta

EXTERNAL SOURCES:
  Pollock:
    :path: ../

SPEC CHECKSUMS:
  Expecta: 8c507baf13211207b1e9d0a741480600e6b4ed15
  Pollock: 76f3a87f102165b57c6ade0d39bcb992a053c178
  Specta: a353759f073ffcc0a365b782fe4aaeac064c03c6

COCOAPODS: 0.36.0
